
Microsoft Visual Studio Solution File, Format Version 12.00
# Visual Studio Version 16
VisualStudioVersion = 16.0.30626.31
MinimumVisualStudioVersion = 10.0.40219.1
Project("{FAE04EC0-301F-11D3-BF4B-00C04F79EFBC}") = "PCFL.Paylocity.SDK", "PCFL.Paylocity.SDK\PCFL.Paylocity.SDK.csproj", "{FFFB07D6-C0DA-4122-B9C0-F191670D5197}"
EndProject
Global
	GlobalSection(SolutionConfigurationPlatforms) = preSolution
		Debug|Any CPU = Debug|Any CPU
		Release|Any CPU = Release|Any CPU
	EndGlobalSection
	GlobalSection(ProjectConfigurationPlatforms) = postSolution
		{FFFB07D6-C0DA-4122-B9C0-F191670D5197}.Debug|Any CPU.ActiveCfg = Debug|Any CPU
		{FFFB07D6-C0DA-4122-B9C0-F191670D5197}.Debug|Any CPU.Build.0 = Debug|Any CPU
		{FFFB07D6-C0DA-4122-B9C0-F191670D5197}.Release|Any CPU.ActiveCfg = Release|Any CPU
		{FFFB07D6-C0DA-4122-B9C0-F191670D5197}.Release|Any CPU.Build.0 = Release|Any CPU
	EndGlobalSection
	GlobalSection(SolutionProperties) = preSolution
		HideSolutionNode = FALSE
	EndGlobalSection
	GlobalSection(ExtensibilityGlobals) = postSolution
		SolutionGuid = {8D238F26-2741-4195-BB7F-A3AD055E7B42}
	EndGlobalSection
EndGlobal
